# THIS IS AN AUTOGENERATED FILE. DO NOT EDIT THIS FILE DIRECTLY.
# yarn lockfile v1


"@rdfjs/types@*":
  version "1.0.1"
  resolved "https://registry.yarnpkg.com/@rdfjs/types/-/types-1.0.1.tgz#92908a13bc88c71b349b332f3db19178282d6f4e"
  integrity sha512-YxVkH0XrCNG3MWeZxfg596GFe+oorTVusmNxRP6ZHTsGczZ8AGvG3UchRNkg3Fy4MyysI7vBAA5YZbESL+VmHQ==
  dependencies:
    "@types/node" "*"

"@types/node@*":
  version "15.12.4"
  resolved "https://registry.yarnpkg.com/@types/node/-/node-15.12.4.tgz#e1cf817d70a1e118e81922c4ff6683ce9d422e26"
  integrity sha512-zrNj1+yqYF4WskCMOHwN+w9iuD12+dGm0rQ35HLl9/Ouuq52cEtd0CH9qMgrdNmi5ejC1/V7vKEXYubB+65DkA==

"@types/rdf-js@^4.0.0":
  version "4.0.2"
  resolved "https://registry.yarnpkg.com/@types/rdf-js/-/rdf-js-4.0.2.tgz#a7eb0ff009915db2c980df97533d3ba7acad0c4b"
  integrity sha512-soR/+RMogGiDU1lrpuQl5ZL55/L1eq/JlR2dWx052Uh/RYs9okh3XZHFlIJXHZqjqyjEn4WdbOMfBj7vvc2WVQ==
  dependencies:
    rdf-js "*"

inherits@^2.0.3, inherits@^2.0.4:
  version "2.0.4"
  resolved "https://registry.yarnpkg.com/inherits/-/inherits-2.0.4.tgz#0fa2c64f932917c3433a0ded55363aae37416b7c"
  integrity sha512-k/vGaX4/Yla3WzyMCvTQOXYeIHvqOKtnqBduzTHpzpQZzAskKMhZ2K+EnBiSM9zGSoIFeMpXKxa4dYeZIQqewQ==

n3@^1.10.0:
  version "1.10.0"
  resolved "https://registry.yarnpkg.com/n3/-/n3-1.10.0.tgz#4ebc725ad4c7a1ee4fac184b7b42114d620ba8c7"
  integrity sha512-y+qpS0GktEBttOaDR+BF1t1G2fw4Xn4nCZWNn+7MvEmD2I4YpMH6OJF/xHKSwInCxOC9vu9eI6pluB9/RDUyZQ==
  dependencies:
    queue-microtask "^1.1.2"
    readable-stream "^3.6.0"

queue-microtask@^1.1.2, queue-microtask@^1.2.3:
  version "1.2.3"
  resolved "https://registry.yarnpkg.com/queue-microtask/-/queue-microtask-1.2.3.tgz#4929228bbc724dfac43e0efb058caf7b6cfb6243"
  integrity sha512-NuaNSa6flKT5JaSYQzJok04JzTL1CA6aGhv5rfLW3PgqA+M2ChpZQnAC8h8i4ZFkBS8X5RqkDBHA7r4hej3K9A==

rdf-data-factory@^1.0.2, rdf-data-factory@^1.0.4:
  version "1.0.4"
  resolved "https://registry.yarnpkg.com/rdf-data-factory/-/rdf-data-factory-1.0.4.tgz#4e22fc462620fbca650eb2d26c4a13a103edd777"
  integrity sha512-ZIIwEkLcV7cTc+atvQFzAETFVRHz1BRe/MhdkZqYse8vxskErj8/bF/Ittc3B5c0GTyw6O3jVF2V7xBRGyRoSQ==
  dependencies:
    "@types/rdf-js" "^4.0.0"

rdf-js@*, rdf-js@^4.0.2:
  version "4.0.2"
  resolved "https://registry.yarnpkg.com/rdf-js/-/rdf-js-4.0.2.tgz#f01510528bbfc6e004012b71a8a533896c4c4c10"
  integrity sha512-ApvlFa/WsQh8LpPK/6hctQwG06Z9ztQQGWVtrcrf9L6+sejHNXLPOqL+w7q3hF+iL0C4sv3AX1PUtGkLNzyZ0Q==
  dependencies:
    "@rdfjs/types" "*"

rdfxml-streaming-parser@^1.4.0:
  version "1.4.0"
  resolved "https://registry.yarnpkg.com/rdfxml-streaming-parser/-/rdfxml-streaming-parser-1.4.0.tgz#32cae3cfbc77aef110f6be8e067935fbf156f3b6"
  integrity sha512-/FKDCq4tuSWz8PZaaPxqIQpenEvRR3Gsqllqg4VmdPFN6WiWfbaD244cKASfXfQHt9Bw7tLsLHsmtA1isIPBCg==
  dependencies:
    "@types/rdf-js" "^4.0.0"
    rdf-data-factory "^1.0.2"
    relative-to-absolute-iri "^1.0.0"
    sax "^1.2.4"

readable-stream@^3.6.0:
  version "3.6.0"
  resolved "https://registry.yarnpkg.com/readable-stream/-/readable-stream-3.6.0.tgz#337bbda3adc0706bd3e024426a286d4b4b2c9198"
  integrity sha512-BViHy7LKeTz4oNnkcLJ+lVSL6vpiFeX6/d3oSH8zCW7UxP2onchk+vTGB143xuFjHS3deTgkKoXXymXqymiIdA==
  dependencies:
    inherits "^2.0.3"
    string_decoder "^1.1.1"
    util-deprecate "^1.0.1"

relative-to-absolute-iri@^1.0.0, relative-to-absolute-iri@^1.0.6:
  version "1.0.6"
  resolved "https://registry.yarnpkg.com/relative-to-absolute-iri/-/relative-to-absolute-iri-1.0.6.tgz#7111dac5730587e3fbca3e0f48585fbc88c147a7"
  integrity sha512-Xw5/Zx6iWSCMJUXwXVOjySjH8Xli4hVFL9QQFvkl1qEmFBG94J+QUI9emnoctOCD3285f1jNV+QWV9eDYwIdfQ==

safe-buffer@^5.2.1, safe-buffer@~5.2.0:
  version "5.2.1"
  resolved "https://registry.yarnpkg.com/safe-buffer/-/safe-buffer-5.2.1.tgz#1eaf9fa9bdb1fdd4ec75f58f9cdb4e6b7827eec6"
  integrity sha512-rp3So07KcdmmKbGvgaNxQSJr7bGVSVk5S9Eq1F+ppbRo70+YeaDxkw5Dd8NPN+GD6bjnYm2VuPuCXmpuYvmCXQ==

sax@^1.2.4:
  version "1.2.4"
  resolved "https://registry.yarnpkg.com/sax/-/sax-1.2.4.tgz#2816234e2378bddc4e5354fab5caa895df7100d9"
  integrity sha512-NqVDv9TpANUjFm0N8uM5GxL36UgKi9/atZw+x7YFnQ8ckwFGKrl4xX4yWtrey3UJm5nP1kUbnYgLopqWNSRhWw==

string_decoder@^1.1.1, string_decoder@^1.3.0:
  version "1.3.0"
  resolved "https://registry.yarnpkg.com/string_decoder/-/string_decoder-1.3.0.tgz#42f114594a46cf1a8e30b0a84f56c78c3edac21e"
  integrity sha512-hkRX8U1WjJFd8LsDJ2yQ/wWWxaopEsABU1XfkM8A+j0+85JAGppt16cr1Whg6KIbb4okU6Mql6BOj+uup/wKeA==
  dependencies:
    safe-buffer "~5.2.0"

typescript@^4.3.4:
  version "4.3.4"
  resolved "https://registry.yarnpkg.com/typescript/-/typescript-4.3.4.tgz#3f85b986945bcf31071decdd96cf8bfa65f9dcbc"
  integrity sha512-uauPG7XZn9F/mo+7MrsRjyvbxFpzemRjKEZXS4AK83oP2KKOJPvb+9cO/gmnv8arWZvhnjVOXz7B49m1l0e9Ew==

util-deprecate@^1.0.1, util-deprecate@^1.0.2:
  version "1.0.2"
  resolved "https://registry.yarnpkg.com/util-deprecate/-/util-deprecate-1.0.2.tgz#450d4dc9fa70de732762fbd2d4a28981419a0ccf"
  integrity sha1-RQ1Nyfpw3nMnYvvS1KKJgUGaDM8=
