# THIS IS AN AUTOGENERATED FILE. DO NOT EDIT THIS FILE DIRECTLY.
# yarn lockfile v1


"@rdfjs/types@*":
  version "1.0.1"
  resolved "https://registry.yarnpkg.com/@rdfjs/types/-/types-1.0.1.tgz#92908a13bc88c71b349b332f3db19178282d6f4e"
  integrity sha512-YxVkH0XrCNG3MWeZxfg596GFe+oorTVusmNxRP6ZHTsGczZ8AGvG3UchRNkg3Fy4MyysI7vBAA5YZbESL+VmHQ==
  dependencies:
    "@types/node" "*"

"@types/node@*":
  version "16.3.3"
  resolved "https://registry.yarnpkg.com/@types/node/-/node-16.3.3.tgz#0c30adff37bbbc7a50eb9b58fae2a504d0d88038"
  integrity sha512-8h7k1YgQKxKXWckzFCMfsIwn0Y61UK6tlD6y2lOb3hTOIMlK3t9/QwHOhc81TwU+RMf0As5fj7NPjroERCnejQ==

"@types/rdf-js@^4.0.0":
  version "4.0.2"
  resolved "https://registry.yarnpkg.com/@types/rdf-js/-/rdf-js-4.0.2.tgz#a7eb0ff009915db2c980df97533d3ba7acad0c4b"
  integrity sha512-soR/+RMogGiDU1lrpuQl5ZL55/L1eq/JlR2dWx052Uh/RYs9okh3XZHFlIJXHZqjqyjEn4WdbOMfBj7vvc2WVQ==
  dependencies:
    rdf-js "*"

axios@^0.21.1:
  version "0.21.1"
  resolved "https://registry.yarnpkg.com/axios/-/axios-0.21.1.tgz#22563481962f4d6bde9a76d516ef0e5d3c09b2b8"
  integrity sha512-dKQiRHxGD9PPRIUNIWvZhPTPpl1rf/OxTYKsqKUDjBwYylTvV7SjSHJb9ratfyzM6wCdLCOYLzs73qpg5c4iGA==
  dependencies:
    follow-redirects "^1.10.0"

follow-redirects@^1.10.0:
  version "1.14.1"
  resolved "https://registry.yarnpkg.com/follow-redirects/-/follow-redirects-1.14.1.tgz#d9114ded0a1cfdd334e164e6662ad02bfd91ff43"
  integrity sha512-HWqDgT7ZEkqRzBvc2s64vSZ/hfOceEol3ac/7tKwzuvEyWx3/4UegXh5oBOIotkGsObyk3xznnSRVADBgWSQVg==

rdf-data-factory@^1.0.2:
  version "1.0.4"
  resolved "https://registry.yarnpkg.com/rdf-data-factory/-/rdf-data-factory-1.0.4.tgz#4e22fc462620fbca650eb2d26c4a13a103edd777"
  integrity sha512-ZIIwEkLcV7cTc+atvQFzAETFVRHz1BRe/MhdkZqYse8vxskErj8/bF/Ittc3B5c0GTyw6O3jVF2V7xBRGyRoSQ==
  dependencies:
    "@types/rdf-js" "^4.0.0"

rdf-js@*:
  version "4.0.2"
  resolved "https://registry.yarnpkg.com/rdf-js/-/rdf-js-4.0.2.tgz#f01510528bbfc6e004012b71a8a533896c4c4c10"
  integrity sha512-ApvlFa/WsQh8LpPK/6hctQwG06Z9ztQQGWVtrcrf9L6+sejHNXLPOqL+w7q3hF+iL0C4sv3AX1PUtGkLNzyZ0Q==
  dependencies:
    "@rdfjs/types" "*"

rdfxml-streaming-parser@^1.4.0:
  version "1.4.0"
  resolved "https://registry.yarnpkg.com/rdfxml-streaming-parser/-/rdfxml-streaming-parser-1.4.0.tgz#32cae3cfbc77aef110f6be8e067935fbf156f3b6"
  integrity sha512-/FKDCq4tuSWz8PZaaPxqIQpenEvRR3Gsqllqg4VmdPFN6WiWfbaD244cKASfXfQHt9Bw7tLsLHsmtA1isIPBCg==
  dependencies:
    "@types/rdf-js" "^4.0.0"
    rdf-data-factory "^1.0.2"
    relative-to-absolute-iri "^1.0.0"
    sax "^1.2.4"

relative-to-absolute-iri@^1.0.0:
  version "1.0.6"
  resolved "https://registry.yarnpkg.com/relative-to-absolute-iri/-/relative-to-absolute-iri-1.0.6.tgz#7111dac5730587e3fbca3e0f48585fbc88c147a7"
  integrity sha512-Xw5/Zx6iWSCMJUXwXVOjySjH8Xli4hVFL9QQFvkl1qEmFBG94J+QUI9emnoctOCD3285f1jNV+QWV9eDYwIdfQ==

sax@^1.2.4:
  version "1.2.4"
  resolved "https://registry.yarnpkg.com/sax/-/sax-1.2.4.tgz#2816234e2378bddc4e5354fab5caa895df7100d9"
  integrity sha512-NqVDv9TpANUjFm0N8uM5GxL36UgKi9/atZw+x7YFnQ8ckwFGKrl4xX4yWtrey3UJm5nP1kUbnYgLopqWNSRhWw==
